// !$*UTF8*$!
{
	archiveVersion = 1;
	classes = {
	};
	objectVersion = 50;
	objects = {

/* Begin PBXBuildFile section */
		A31AB3B8240C1D23008EA798 /* AppDelegate.swift in Sources */ = {isa = PBXBuildFile; fileRef = A31AB3B7240C1D23008EA798 /* AppDelegate.swift */; };
		A31AB3BA240C1D23008EA798 /* SceneDelegate.swift in Sources */ = {isa = PBXBuildFile; fileRef = A31AB3B9240C1D23008EA798 /* SceneDelegate.swift */; };
		A31AB3BC240C1D23008EA798 /* TopListVC.swift in Sources */ = {isa = PBXBuildFile; fileRef = A31AB3BB240C1D23008EA798 /* TopListVC.swift */; };
		A31AB3C1240C1D24008EA798 /* Assets.xcassets in Resources */ = {isa = PBXBuildFile; fileRef = A31AB3C0240C1D24008EA798 /* Assets.xcassets */; };
		A31AB3C4240C1D24008EA798 /* LaunchScreen.storyboard in Resources */ = {isa = PBXBuildFile; fileRef = A31AB3C2240C1D24008EA798 /* LaunchScreen.storyboard */; };
		A31AB3CF240C1D24008EA798 /* TopITunesAlbumsTests.swift in Sources */ = {isa = PBXBuildFile; fileRef = A31AB3CE240C1D24008EA798 /* TopITunesAlbumsTests.swift */; };
		A31AB3DF240C3C8E008EA798 /* TopListCell.swift in Sources */ = {isa = PBXBuildFile; fileRef = A31AB3DE240C3C8E008EA798 /* TopListCell.swift */; };
		A31AB3E4240C3E7E008EA798 /* TopListMock.json in Resources */ = {isa = PBXBuildFile; fileRef = A31AB3E3240C3E7E008EA798 /* TopListMock.json */; };
		A31AB3E8240C46C3008EA798 /* TitleLabel.swift in Sources */ = {isa = PBXBuildFile; fileRef = A31AB3E7240C46C3008EA798 /* TitleLabel.swift */; };
		A31AB3EA240C478F008EA798 /* SubTitleLabel.swift in Sources */ = {isa = PBXBuildFile; fileRef = A31AB3E9240C478F008EA798 /* SubTitleLabel.swift */; };
		A31AB3ED240C799D008EA798 /* AlbumModel.swift in Sources */ = {isa = PBXBuildFile; fileRef = A31AB3EC240C799D008EA798 /* AlbumModel.swift */; };
		A3BE3AD9240C811E00A3025B /* AlbumsModel.swift in Sources */ = {isa = PBXBuildFile; fileRef = A3BE3AD8240C811E00A3025B /* AlbumsModel.swift */; };
		A3BE3ADC240C83BC00A3025B /* NetworkManager.swift in Sources */ = {isa = PBXBuildFile; fileRef = A3BE3ADB240C83BC00A3025B /* NetworkManager.swift */; };
		A3BE3ADE240F376B00A3025B /* TopListViewModel.swift in Sources */ = {isa = PBXBuildFile; fileRef = A3BE3ADD240F376B00A3025B /* TopListViewModel.swift */; };
		A3BE3AE1240F401500A3025B /* AlbumImageView.swift in Sources */ = {isa = PBXBuildFile; fileRef = A3BE3AE0240F401500A3025B /* AlbumImageView.swift */; };
		A3BE3AE4240F440800A3025B /* Constants.swift in Sources */ = {isa = PBXBuildFile; fileRef = A3BE3AE3240F440800A3025B /* Constants.swift */; };
		A3BE3AEB240F696F00A3025B /* DetailsVC.swift in Sources */ = {isa = PBXBuildFile; fileRef = A3BE3AEA240F696F00A3025B /* DetailsVC.swift */; };
/* End PBXBuildFile section */

/* Begin PBXContainerItemProxy section */
		A31AB3CB240C1D24008EA798 /* PBXContainerItemProxy */ = {
			isa = PBXContainerItemProxy;
			containerPortal = A31AB3AC240C1D23008EA798 /* Project object */;
			proxyType = 1;
			remoteGlobalIDString = A31AB3B3240C1D23008EA798;
			remoteInfo = TopITunesAlbums;
		};
/* End PBXContainerItemProxy section */

/* Begin PBXFileReference section */
		A31AB3B4240C1D23008EA798 /* TopITunesAlbums.app */ = {isa = PBXFileReference; explicitFileType = wrapper.application; includeInIndex = 0; path = TopITunesAlbums.app; sourceTree = BUILT_PRODUCTS_DIR; };
		A31AB3B7240C1D23008EA798 /* AppDelegate.swift */ = {isa = PBXFileReference; lastKnownFileType = sourcecode.swift; path = AppDelegate.swift; sourceTree = "<group>"; };
		A31AB3B9240C1D23008EA798 /* SceneDelegate.swift */ = {isa = PBXFileReference; lastKnownFileType = sourcecode.swift; path = SceneDelegate.swift; sourceTree = "<group>"; };
		A31AB3BB240C1D23008EA798 /* TopListVC.swift */ = {isa = PBXFileReference; lastKnownFileType = sourcecode.swift; path = TopListVC.swift; sourceTree = "<group>"; };
		A31AB3C0240C1D24008EA798 /* Assets.xcassets */ = {isa = PBXFileReference; lastKnownFileType = folder.assetcatalog; path = Assets.xcassets; sourceTree = "<group>"; };
		A31AB3C3240C1D24008EA798 /* Base */ = {isa = PBXFileReference; lastKnownFileType = file.storyboard; name = Base; path = Base.lproj/LaunchScreen.storyboard; sourceTree = "<group>"; };
		A31AB3C5240C1D24008EA798 /* Info.plist */ = {isa = PBXFileReference; lastKnownFileType = text.plist.xml; path = Info.plist; sourceTree = "<group>"; };
		A31AB3CA240C1D24008EA798 /* TopITunesAlbumsTests.xctest */ = {isa = PBXFileReference; explicitFileType = wrapper.cfbundle; includeInIndex = 0; path = TopITunesAlbumsTests.xctest; sourceTree = BUILT_PRODUCTS_DIR; };
		A31AB3CE240C1D24008EA798 /* TopITunesAlbumsTests.swift */ = {isa = PBXFileReference; lastKnownFileType = sourcecode.swift; path = TopITunesAlbumsTests.swift; sourceTree = "<group>"; };
		A31AB3D0240C1D24008EA798 /* Info.plist */ = {isa = PBXFileReference; lastKnownFileType = text.plist.xml; path = Info.plist; sourceTree = "<group>"; };
		A31AB3DE240C3C8E008EA798 /* TopListCell.swift */ = {isa = PBXFileReference; lastKnownFileType = sourcecode.swift; path = TopListCell.swift; sourceTree = "<group>"; };
		A31AB3E3240C3E7E008EA798 /* TopListMock.json */ = {isa = PBXFileReference; fileEncoding = 4; lastKnownFileType = text.json; name = TopListMock.json; path = ../../../Support/TopListMock.json; sourceTree = "<group>"; };
		A31AB3E7240C46C3008EA798 /* TitleLabel.swift */ = {isa = PBXFileReference; lastKnownFileType = sourcecode.swift; path = TitleLabel.swift; sourceTree = "<group>"; };
		A31AB3E9240C478F008EA798 /* SubTitleLabel.swift */ = {isa = PBXFileReference; lastKnownFileType = sourcecode.swift; path = SubTitleLabel.swift; sourceTree = "<group>"; };
		A31AB3EC240C799D008EA798 /* AlbumModel.swift */ = {isa = PBXFileReference; lastKnownFileType = sourcecode.swift; path = AlbumModel.swift; sourceTree = "<group>"; };
		A3BE3AD8240C811E00A3025B /* AlbumsModel.swift */ = {isa = PBXFileReference; lastKnownFileType = sourcecode.swift; path = AlbumsModel.swift; sourceTree = "<group>"; };
		A3BE3ADB240C83BC00A3025B /* NetworkManager.swift */ = {isa = PBXFileReference; lastKnownFileType = sourcecode.swift; path = NetworkManager.swift; sourceTree = "<group>"; };
		A3BE3ADD240F376B00A3025B /* TopListViewModel.swift */ = {isa = PBXFileReference; lastKnownFileType = sourcecode.swift; path = TopListViewModel.swift; sourceTree = "<group>"; };
		A3BE3AE0240F401500A3025B /* AlbumImageView.swift */ = {isa = PBXFileReference; lastKnownFileType = sourcecode.swift; path = AlbumImageView.swift; sourceTree = "<group>"; };
		A3BE3AE3240F440800A3025B /* Constants.swift */ = {isa = PBXFileReference; lastKnownFileType = sourcecode.swift; path = Constants.swift; sourceTree = "<group>"; };
		A3BE3AEA240F696F00A3025B /* DetailsVC.swift */ = {isa = PBXFileReference; lastKnownFileType = sourcecode.swift; path = DetailsVC.swift; sourceTree = "<group>"; };
/* End PBXFileReference section */

/* Begin PBXFrameworksBuildPhase section */
		A31AB3B1240C1D23008EA798 /* Frameworks */ = {
			isa = PBXFrameworksBuildPhase;
			buildActionMask = 2147483647;
			files = (
			);
			runOnlyForDeploymentPostprocessing = 0;
		};
		A31AB3C7240C1D24008EA798 /* Frameworks */ = {
			isa = PBXFrameworksBuildPhase;
			buildActionMask = 2147483647;
			files = (
			);
			runOnlyForDeploymentPostprocessing = 0;
		};
/* End PBXFrameworksBuildPhase section */

/* Begin PBXGroup section */
		A31AB3AB240C1D23008EA798 = {
			isa = PBXGroup;
			children = (
				A31AB3B6240C1D23008EA798 /* TopITunesAlbums */,
				A31AB3CD240C1D24008EA798 /* TopITunesAlbumsTests */,
				A31AB3B5240C1D23008EA798 /* Products */,
			);
			sourceTree = "<group>";
		};
		A31AB3B5240C1D23008EA798 /* Products */ = {
			isa = PBXGroup;
			children = (
				A31AB3B4240C1D23008EA798 /* TopITunesAlbums.app */,
				A31AB3CA240C1D24008EA798 /* TopITunesAlbumsTests.xctest */,
			);
			name = Products;
			sourceTree = "<group>";
		};
		A31AB3B6240C1D23008EA798 /* TopITunesAlbums */ = {
			isa = PBXGroup;
			children = (
				A31AB3DB240C3C07008EA798 /* CustomViews */,
				A3BE3ADA240C838100A3025B /* Managers */,
				A31AB3E2240C3D3C008EA798 /* MockData */,
				A31AB3EB240C78C3008EA798 /* Models */,
				A31AB3DA240C3A3E008EA798 /* Support */,
				A3BE3AE2240F43E800A3025B /* Utilities */,
				A31AB3D9240C2C7E008EA798 /* ViewControllers */,
				A3BE3AE5240F585900A3025B /* ViewModel */,
				A31AB3C5240C1D24008EA798 /* Info.plist */,
			);
			path = TopITunesAlbums;
			sourceTree = "<group>";
		};
		A31AB3CD240C1D24008EA798 /* TopITunesAlbumsTests */ = {
			isa = PBXGroup;
			children = (
				A3BE3AE7240F5D8700A3025B /* Managers */,
				A3BE3AE6240F5D7600A3025B /* ViewModel */,
				A31AB3CE240C1D24008EA798 /* TopITunesAlbumsTests.swift */,
				A31AB3D0240C1D24008EA798 /* Info.plist */,
			);
			path = TopITunesAlbumsTests;
			sourceTree = "<group>";
		};
		A31AB3D9240C2C7E008EA798 /* ViewControllers */ = {
			isa = PBXGroup;
			children = (
				A31AB3BB240C1D23008EA798 /* TopListVC.swift */,
				A3BE3AEA240F696F00A3025B /* DetailsVC.swift */,
			);
			path = ViewControllers;
			sourceTree = "<group>";
		};
		A31AB3DA240C3A3E008EA798 /* Support */ = {
			isa = PBXGroup;
			children = (
				A31AB3B7240C1D23008EA798 /* AppDelegate.swift */,
				A31AB3C0240C1D24008EA798 /* Assets.xcassets */,
				A31AB3C2240C1D24008EA798 /* LaunchScreen.storyboard */,
				A31AB3B9240C1D23008EA798 /* SceneDelegate.swift */,
			);
			path = Support;
			sourceTree = "<group>";
		};
		A31AB3DB240C3C07008EA798 /* CustomViews */ = {
			isa = PBXGroup;
			children = (
				A31AB3DC240C3C32008EA798 /* Cells */,
				A3BE3ADF240F3FF300A3025B /* ImageViews */,
				A31AB3E6240C4658008EA798 /* Labels */,
			);
			path = CustomViews;
			sourceTree = "<group>";
		};
		A31AB3DC240C3C32008EA798 /* Cells */ = {
			isa = PBXGroup;
			children = (
				A31AB3DE240C3C8E008EA798 /* TopListCell.swift */,
			);
			path = Cells;
			sourceTree = "<group>";
		};
		A31AB3E2240C3D3C008EA798 /* MockData */ = {
			isa = PBXGroup;
			children = (
				A31AB3E3240C3E7E008EA798 /* TopListMock.json */,
			);
			path = MockData;
			sourceTree = "<group>";
		};
		A31AB3E6240C4658008EA798 /* Labels */ = {
			isa = PBXGroup;
			children = (
				A31AB3E7240C46C3008EA798 /* TitleLabel.swift */,
				A31AB3E9240C478F008EA798 /* SubTitleLabel.swift */,
			);
			path = Labels;
			sourceTree = "<group>";
		};
		A31AB3EB240C78C3008EA798 /* Models */ = {
			isa = PBXGroup;
			children = (
				A31AB3EC240C799D008EA798 /* AlbumModel.swift */,
				A3BE3AD8240C811E00A3025B /* AlbumsModel.swift */,
			);
			path = Models;
			sourceTree = "<group>";
		};
		A3BE3ADA240C838100A3025B /* Managers */ = {
			isa = PBXGroup;
			children = (
				A3BE3ADB240C83BC00A3025B /* NetworkManager.swift */,
			);
			path = Managers;
			sourceTree = "<group>";
		};
		A3BE3ADF240F3FF300A3025B /* ImageViews */ = {
			isa = PBXGroup;
			children = (
				A3BE3AE0240F401500A3025B /* AlbumImageView.swift */,
			);
			path = ImageViews;
			sourceTree = "<group>";
		};
		A3BE3AE2240F43E800A3025B /* Utilities */ = {
			isa = PBXGroup;
			children = (
				A3BE3AE3240F440800A3025B /* Constants.swift */,
			);
			path = Utilities;
			sourceTree = "<group>";
		};
		A3BE3AE5240F585900A3025B /* ViewModel */ = {
			isa = PBXGroup;
			children = (
				A3BE3ADD240F376B00A3025B /* TopListViewModel.swift */,
			);
			path = ViewModel;
			sourceTree = "<group>";
		};
		A3BE3AE6240F5D7600A3025B /* ViewModel */ = {
			isa = PBXGroup;
			children = (
			);
			path = ViewModel;
			sourceTree = "<group>";
		};
		A3BE3AE7240F5D8700A3025B /* Managers */ = {
			isa = PBXGroup;
			children = (
			);
			path = Managers;
			sourceTree = "<group>";
		};
/* End PBXGroup section */

/* Begin PBXNativeTarget section */
		A31AB3B3240C1D23008EA798 /* TopITunesAlbums */ = {
			isa = PBXNativeTarget;
			buildConfigurationList = A31AB3D3240C1D24008EA798 /* Build configuration list for PBXNativeTarget "TopITunesAlbums" */;
			buildPhases = (
				A31AB3B0240C1D23008EA798 /* Sources */,
				A31AB3B1240C1D23008EA798 /* Frameworks */,
				A31AB3B2240C1D23008EA798 /* Resources */,
			);
			buildRules = (
			);
			dependencies = (
			);
			name = TopITunesAlbums;
			productName = TopITunesAlbums;
			productReference = A31AB3B4240C1D23008EA798 /* TopITunesAlbums.app */;
			productType = "com.apple.product-type.application";
		};
		A31AB3C9240C1D24008EA798 /* TopITunesAlbumsTests */ = {
			isa = PBXNativeTarget;
			buildConfigurationList = A31AB3D6240C1D24008EA798 /* Build configuration list for PBXNativeTarget "TopITunesAlbumsTests" */;
			buildPhases = (
				A31AB3C6240C1D24008EA798 /* Sources */,
				A31AB3C7240C1D24008EA798 /* Frameworks */,
				A31AB3C8240C1D24008EA798 /* Resources */,
			);
			buildRules = (
			);
			dependencies = (
				A31AB3CC240C1D24008EA798 /* PBXTargetDependency */,
			);
			name = TopITunesAlbumsTests;
			productName = TopITunesAlbumsTests;
			productReference = A31AB3CA240C1D24008EA798 /* TopITunesAlbumsTests.xctest */;
			productType = "com.apple.product-type.bundle.unit-test";
		};
/* End PBXNativeTarget section */

/* Begin PBXProject section */
		A31AB3AC240C1D23008EA798 /* Project object */ = {
			isa = PBXProject;
			attributes = {
				LastSwiftUpdateCheck = 1130;
				LastUpgradeCheck = 1130;
				ORGANIZATIONNAME = "YAUHENI IVANIUK";
				TargetAttributes = {
					A31AB3B3240C1D23008EA798 = {
						CreatedOnToolsVersion = 11.3;
					};
					A31AB3C9240C1D24008EA798 = {
						CreatedOnToolsVersion = 11.3;
						TestTargetID = A31AB3B3240C1D23008EA798;
					};
				};
			};
			buildConfigurationList = A31AB3AF240C1D23008EA798 /* Build configuration list for PBXProject "TopITunesAlbums" */;
			compatibilityVersion = "Xcode 9.3";
			developmentRegion = en;
			hasScannedForEncodings = 0;
			knownRegions = (
				en,
				Base,
			);
			mainGroup = A31AB3AB240C1D23008EA798;
			productRefGroup = A31AB3B5240C1D23008EA798 /* Products */;
			projectDirPath = "";
			projectRoot = "";
			targets = (
				A31AB3B3240C1D23008EA798 /* TopITunesAlbums */,
				A31AB3C9240C1D24008EA798 /* TopITunesAlbumsTests */,
			);
		};
/* End PBXProject section */

/* Begin PBXResourcesBuildPhase section */
		A31AB3B2240C1D23008EA798 /* Resources */ = {
			isa = PBXResourcesBuildPhase;
			buildActionMask = 2147483647;
			files = (
				A31AB3C4240C1D24008EA798 /* LaunchScreen.storyboard in Resources */,
				A31AB3E4240C3E7E008EA798 /* TopListMock.json in Resources */,
				A31AB3C1240C1D24008EA798 /* Assets.xcassets in Resources */,
			);
			runOnlyForDeploymentPostprocessing = 0;
		};
		A31AB3C8240C1D24008EA798 /* Resources */ = {
			isa = PBXResourcesBuildPhase;
			buildActionMask = 2147483647;
			files = (
			);
			runOnlyForDeploymentPostprocessing = 0;
		};
/* End PBXResourcesBuildPhase section */

/* Begin PBXSourcesBuildPhase section */
		A31AB3B0240C1D23008EA798 /* Sources */ = {
			isa = PBXSourcesBuildPhase;
			buildActionMask = 2147483647;
			files = (
				A3BE3ADC240C83BC00A3025B /* NetworkManager.swift in Sources */,
				A3BE3ADE240F376B00A3025B /* TopListViewModel.swift in Sources */,
				A3BE3AEB240F696F00A3025B /* DetailsVC.swift in Sources */,
				A31AB3ED240C799D008EA798 /* AlbumModel.swift in Sources */,
				A3BE3AD9240C811E00A3025B /* AlbumsModel.swift in Sources */,
				A31AB3EA240C478F008EA798 /* SubTitleLabel.swift in Sources */,
				A3BE3AE1240F401500A3025B /* AlbumImageView.swift in Sources */,
				A31AB3BC240C1D23008EA798 /* TopListVC.swift in Sources */,
				A31AB3B8240C1D23008EA798 /* AppDelegate.swift in Sources */,
				A31AB3BA240C1D23008EA798 /* SceneDelegate.swift in Sources */,
				A31AB3E8240C46C3008EA798 /* TitleLabel.swift in Sources */,
				A31AB3DF240C3C8E008EA798 /* TopListCell.swift in Sources */,
				A3BE3AE4240F440800A3025B /* Constants.swift in Sources */,
			);
			runOnlyForDeploymentPostprocessing = 0;
		};
		A31AB3C6240C1D24008EA798 /* Sources */ = {
			isa = PBXSourcesBuildPhase;
			buildActionMask = 2147483647;
			files = (
				A31AB3CF240C1D24008EA798 /* TopITunesAlbumsTests.swift in Sources */,
			);
			runOnlyForDeploymentPostprocessing = 0;
		};
/* End PBXSourcesBuildPhase section */

/* Begin PBXTargetDependency section */
		A31AB3CC240C1D24008EA798 /* PBXTargetDependency */ = {
			isa = PBXTargetDependency;
			target = A31AB3B3240C1D23008EA798 /* TopITunesAlbums */;
			targetProxy = A31AB3CB240C1D24008EA798 /* PBXContainerItemProxy */;
		};
/* End PBXTargetDependency section */

/* Begin PBXVariantGroup section */
		A31AB3C2240C1D24008EA798 /* LaunchScreen.storyboard */ = {
			isa = PBXVariantGroup;
			children = (
				A31AB3C3240C1D24008EA798 /* Base */,
			);
			name = LaunchScreen.storyboard;
			sourceTree = "<group>";
		};
/* End PBXVariantGroup section */

/* Begin XCBuildConfiguration section */
		A31AB3D1240C1D24008EA798 /* Debug */ = {
			isa = XCBuildConfiguration;
			buildSettings = {
				ALWAYS_SEARCH_USER_PATHS = NO;
				CLANG_ANALYZER_NONNULL = YES;
				CLANG_ANALYZER_NUMBER_OBJECT_CONVERSION = YES_AGGRESSIVE;
				CLANG_CXX_LANGUAGE_STANDARD = "gnu++14";
				CLANG_CXX_LIBRARY = "libc++";
				CLANG_ENABLE_MODULES = YES;
				CLANG_ENABLE_OBJC_ARC = YES;
				CLANG_ENABLE_OBJC_WEAK = YES;
				CLANG_WARN_BLOCK_CAPTURE_AUTORELEASING = YES;
				CLANG_WARN_BOOL_CONVERSION = YES;
				CLANG_WARN_COMMA = YES;
				CLANG_WARN_CONSTANT_CONVERSION = YES;
				CLANG_WARN_DEPRECATED_OBJC_IMPLEMENTATIONS = YES;
				CLANG_WARN_DIRECT_OBJC_ISA_USAGE = YES_ERROR;
				CLANG_WARN_DOCUMENTATION_COMMENTS = YES;
				CLANG_WARN_EMPTY_BODY = YES;
				CLANG_WARN_ENUM_CONVERSION = YES;
				CLANG_WARN_INFINITE_RECURSION = YES;
				CLANG_WARN_INT_CONVERSION = YES;
				CLANG_WARN_NON_LITERAL_NULL_CONVERSION = YES;
				CLANG_WARN_OBJC_IMPLICIT_RETAIN_SELF = YES;
				CLANG_WARN_OBJC_LITERAL_CONVERSION = YES;
				CLANG_WARN_OBJC_ROOT_CLASS = YES_ERROR;
				CLANG_WARN_RANGE_LOOP_ANALYSIS = YES;
				CLANG_WARN_STRICT_PROTOTYPES = YES;
				CLANG_WARN_SUSPICIOUS_MOVE = YES;
				CLANG_WARN_UNGUARDED_AVAILABILITY = YES_AGGRESSIVE;
				CLANG_WARN_UNREACHABLE_CODE = YES;
				CLANG_WARN__DUPLICATE_METHOD_MATCH = YES;
				COPY_PHASE_STRIP = NO;
				DEBUG_INFORMATION_FORMAT = dwarf;
				ENABLE_STRICT_OBJC_MSGSEND = YES;
				ENABLE_TESTABILITY = YES;
				GCC_C_LANGUAGE_STANDARD = gnu11;
				GCC_DYNAMIC_NO_PIC = NO;
				GCC_NO_COMMON_BLOCKS = YES;
				GCC_OPTIMIZATION_LEVEL = 0;
				GCC_PREPROCESSOR_DEFINITIONS = (
					"DEBUG=1",
					"$(inherited)",
				);
				GCC_WARN_64_TO_32_BIT_CONVERSION = YES;
				GCC_WARN_ABOUT_RETURN_TYPE = YES_ERROR;
				GCC_WARN_UNDECLARED_SELECTOR = YES;
				GCC_WARN_UNINITIALIZED_AUTOS = YES_AGGRESSIVE;
				GCC_WARN_UNUSED_FUNCTION = YES;
				GCC_WARN_UNUSED_VARIABLE = YES;
				IPHONEOS_DEPLOYMENT_TARGET = 13.2;
				MTL_ENABLE_DEBUG_INFO = INCLUDE_SOURCE;
				MTL_FAST_MATH = YES;
				ONLY_ACTIVE_ARCH = YES;
				SDKROOT = iphoneos;
				SWIFT_ACTIVE_COMPILATION_CONDITIONS = DEBUG;
				SWIFT_OPTIMIZATION_LEVEL = "-Onone";
			};
			name = Debug;
		};
		A31AB3D2240C1D24008EA798 /* Release */ = {
			isa = XCBuildConfiguration;
			buildSettings = {
				ALWAYS_SEARCH_USER_PATHS = NO;
				CLANG_ANALYZER_NONNULL = YES;
				CLANG_ANALYZER_NUMBER_OBJECT_CONVERSION = YES_AGGRESSIVE;
				CLANG_CXX_LANGUAGE_STANDARD = "gnu++14";
				CLANG_CXX_LIBRARY = "libc++";
				CLANG_ENABLE_MODULES = YES;
				CLANG_ENABLE_OBJC_ARC = YES;
				CLANG_ENABLE_OBJC_WEAK = YES;
				CLANG_WARN_BLOCK_CAPTURE_AUTORELEASING = YES;
				CLANG_WARN_BOOL_CONVERSION = YES;
				CLANG_WARN_COMMA = YES;
				CLANG_WARN_CONSTANT_CONVERSION = YES;
				CLANG_WARN_DEPRECATED_OBJC_IMPLEMENTATIONS = YES;
				CLANG_WARN_DIRECT_OBJC_ISA_USAGE = YES_ERROR;
				CLANG_WARN_DOCUMENTATION_COMMENTS = YES;
				CLANG_WARN_EMPTY_BODY = YES;
				CLANG_WARN_ENUM_CONVERSION = YES;
				CLANG_WARN_INFINITE_RECURSION = YES;
				CLANG_WARN_INT_CONVERSION = YES;
				CLANG_WARN_NON_LITERAL_NULL_CONVERSION = YES;
				CLANG_WARN_OBJC_IMPLICIT_RETAIN_SELF = YES;
				CLANG_WARN_OBJC_LITERAL_CONVERSION = YES;
				CLANG_WARN_OBJC_ROOT_CLASS = YES_ERROR;
				CLANG_WARN_RANGE_LOOP_ANALYSIS = YES;
				CLANG_WARN_STRICT_PROTOTYPES = YES;
				CLANG_WARN_SUSPICIOUS_MOVE = YES;
				CLANG_WARN_UNGUARDED_AVAILABILITY = YES_AGGRESSIVE;
				CLANG_WARN_UNREACHABLE_CODE = YES;
				CLANG_WARN__DUPLICATE_METHOD_MATCH = YES;
				COPY_PHASE_STRIP = NO;
				DEBUG_INFORMATION_FORMAT = "dwarf-with-dsym";
				ENABLE_NS_ASSERTIONS = NO;
				ENABLE_STRICT_OBJC_MSGSEND = YES;
				GCC_C_LANGUAGE_STANDARD = gnu11;
				GCC_NO_COMMON_BLOCKS = YES;
				GCC_WARN_64_TO_32_BIT_CONVERSION = YES;
				GCC_WARN_ABOUT_RETURN_TYPE = YES_ERROR;
				GCC_WARN_UNDECLARED_SELECTOR = YES;
				GCC_WARN_UNINITIALIZED_AUTOS = YES_AGGRESSIVE;
				GCC_WARN_UNUSED_FUNCTION = YES;
				GCC_WARN_UNUSED_VARIABLE = YES;
				IPHONEOS_DEPLOYMENT_TARGET = 13.2;
				MTL_ENABLE_DEBUG_INFO = NO;
				MTL_FAST_MATH = YES;
				SDKROOT = iphoneos;
				SWIFT_COMPILATION_MODE = wholemodule;
				SWIFT_OPTIMIZATION_LEVEL = "-O";
				VALIDATE_PRODUCT = YES;
			};
			name = Release;
		};
		A31AB3D4240C1D24008EA798 /* Debug */ = {
			isa = XCBuildConfiguration;
			buildSettings = {
				ASSETCATALOG_COMPILER_APPICON_NAME = AppIcon;
				CODE_SIGN_STYLE = Automatic;
				INFOPLIST_FILE = TopITunesAlbums/Info.plist;
				LD_RUNPATH_SEARCH_PATHS = (
					"$(inherited)",
					"@executable_path/Frameworks",
				);
				PRODUCT_BUNDLE_IDENTIFIER = club.ivani.TopITunesAlbums;
				PRODUCT_NAME = "$(TARGET_NAME)";
				SWIFT_VERSION = 5.0;
				TARGETED_DEVICE_FAMILY = 1;
			};
			name = Debug;
		};
		A31AB3D5240C1D24008EA798 /* Release */ = {
			isa = XCBuildConfiguration;
			buildSettings = {
				ASSETCATALOG_COMPILER_APPICON_NAME = AppIcon;
				CODE_SIGN_STYLE = Automatic;
				INFOPLIST_FILE = TopITunesAlbums/Info.plist;
				LD_RUNPATH_SEARCH_PATHS = (
					"$(inherited)",
					"@executable_path/Frameworks",
				);
				PRODUCT_BUNDLE_IDENTIFIER = club.ivani.TopITunesAlbums;
				PRODUCT_NAME = "$(TARGET_NAME)";
				SWIFT_VERSION = 5.0;
				TARGETED_DEVICE_FAMILY = 1;
			};
			name = Release;
		};
		A31AB3D7240C1D24008EA798 /* Debug */ = {
			isa = XCBuildConfiguration;
			buildSettings = {
				ALWAYS_EMBED_SWIFT_STANDARD_LIBRARIES = YES;
				BUNDLE_LOADER = "$(TEST_HOST)";
				CODE_SIGN_STYLE = Automatic;
				INFOPLIST_FILE = TopITunesAlbumsTests/Info.plist;
				IPHONEOS_DEPLOYMENT_TARGET = 13.2;
				LD_RUNPATH_SEARCH_PATHS = (
					"$(inherited)",
					"@executable_path/Frameworks",
					"@loader_path/Frameworks",
				);
				PRODUCT_BUNDLE_IDENTIFIER = club.ivani.TopITunesAlbumsTests;
				PRODUCT_NAME = "$(TARGET_NAME)";
				SWIFT_VERSION = 5.0;
				TARGETED_DEVICE_FAMILY = "1,2";
				TEST_HOST = "$(BUILT_PRODUCTS_DIR)/TopITunesAlbums.app/TopITunesAlbums";
			};
			name = Debug;
		};
		A31AB3D8240C1D24008EA798 /* Release */ = {
			isa = XCBuildConfiguration;
			buildSettings = {
				ALWAYS_EMBED_SWIFT_STANDARD_LIBRARIES = YES;
				BUNDLE_LOADER = "$(TEST_HOST)";
				CODE_SIGN_STYLE = Automatic;
				INFOPLIST_FILE = TopITunesAlbumsTests/Info.plist;
				IPHONEOS_DEPLOYMENT_TARGET = 13.2;
				LD_RUNPATH_SEARCH_PATHS = (
					"$(inherited)",
					"@executable_path/Frameworks",
					"@loader_path/Frameworks",
				);
				PRODUCT_BUNDLE_IDENTIFIER = club.ivani.TopITunesAlbumsTests;
				PRODUCT_NAME = "$(TARGET_NAME)";
				SWIFT_VERSION = 5.0;
				TARGETED_DEVICE_FAMILY = "1,2";
				TEST_HOST = "$(BUILT_PRODUCTS_DIR)/TopITunesAlbums.app/TopITunesAlbums";
			};
			name = Release;
		};
/* End XCBuildConfiguration section */

/* Begin XCConfigurationList section */
		A31AB3AF240C1D23008EA798 /* Build configuration list for PBXProject "TopITunesAlbums" */ = {
			isa = XCConfigurationList;
			buildConfigurations = (
				A31AB3D1240C1D24008EA798 /* Debug */,
				A31AB3D2240C1D24008EA798 /* Release */,
			);
			defaultConfigurationIsVisible = 0;
			defaultConfigurationName = Release;
		};
		A31AB3D3240C1D24008EA798 /* Build configuration list for PBXNativeTarget "TopITunesAlbums" */ = {
			isa = XCConfigurationList;
			buildConfigurations = (
				A31AB3D4240C1D24008EA798 /* Debug */,
				A31AB3D5240C1D24008EA798 /* Release */,
			);
			defaultConfigurationIsVisible = 0;
			defaultConfigurationName = Release;
		};
		A31AB3D6240C1D24008EA798 /* Build configuration list for PBXNativeTarget "TopITunesAlbumsTests" */ = {
			isa = XCConfigurationList;
			buildConfigurations = (
				A31AB3D7240C1D24008EA798 /* Debug */,
				A31AB3D8240C1D24008EA798 /* Release */,
			);
			defaultConfigurationIsVisible = 0;
			defaultConfigurationName = Release;
		};
/* End XCConfigurationList section */
	};
	rootObject = A31AB3AC240C1D23008EA798 /* Project object */;
}
